# Pinned R360 contract sources (ADR-0008). Written by tools/contracts_vendor.py.
# Do not hand-edit: the gate recomputes proto_tree_sha256 from contracts/proto and fails
# on mismatch.
contract_version = "1.0.0-alpha.1"
contract_tag = "contracts/v1.0.0-alpha.1"
contract_revision = "29d8b1dbe4cf54b3e9ccbf3745fdd018648f893c"
proto_tree_sha256 = "b4ec52b6589daf57ba2d92428b5ef06504a9748b018be02580756acf5b444356"
