# Which revisions were proven to work together.
#
# Written by tools/stack_lock.py. A change here is a claim that this combination
# passed the integration gate; make it deliberately.
format_version = 1

[contracts]
repo = "r360-contracts"
revision = "29d8b1dbe4cf54b3e9ccbf3745fdd018648f893c"
contract_version = "1.0.0-alpha.1"
contract_tag = "contracts/v1.0.0-alpha.1"
proto_tree_sha256 = "b4ec52b6589daf57ba2d92428b5ef06504a9748b018be02580756acf5b444356"

[rf_evidence]
repo = "r360-rf-evidence"
revision = "060b0e96389bc3661c5ceecfe9e52d71aad540b9"
service_version = "0.1.0"
contract_version = "1.0.0-alpha.1"
proto_tree_sha256 = "b4ec52b6589daf57ba2d92428b5ef06504a9748b018be02580756acf5b444356"

[reasoning]
repo = "r360-reasoning"
revision = "078849a668a6a0cc10d16e0c19a312025b696498"
service_version = "0.1.0"
contract_version = "1.0.0-alpha.1"
proto_tree_sha256 = "b4ec52b6589daf57ba2d92428b5ef06504a9748b018be02580756acf5b444356"

[integration]
repo = "r360-integration"
# The commit that carries this file. See SELF_PINNED in tools/stack_lock.py.
revision = "self"

[world_state_adapter]
repo = "the-world-state-adapter"
revision = "DEFERRED_UNTIL_M10"

[sortie]
repo = "sortie"
revision = "DEFERRED_UNTIL_M11"
